lockfileVersion: '6.0'

settings:
  autoInstallPeers: true
  excludeLinksFromLockfile: false

dependencies:
  cs2-gamestate-integration-data:
    specifier: github:Sonic853/CS2-Gamestate-Integration-Data
    version: github.com/Sonic853/CS2-Gamestate-Integration-Data/97ff4b8ce05572d4b822d77f86e9281a8db6c9ba
  cs2-gamestate-integration-listener:
    specifier: github:853Lab/CS2-Gamestate-Integration-Listener
    version: github.com/853Lab/CS2-Gamestate-Integration-Listener/96e7e49fab4e1494c128b7284ec638c95a0e371f
  ws:
    specifier: ^8.14.2
    version: 8.14.2

devDependencies:
  '@types/node':
    specifier: ^16.18.61
    version: 16.18.61
  '@types/ws':
    specifier: ^8.5.9
    version: 8.5.9
  typescript:
    specifier: ^5.2.2
    version: 5.2.2

packages:

  /@types/node@16.18.61:
    resolution: {integrity: sha512-k0N7BqGhJoJzdh6MuQg1V1ragJiXTh8VUBAZTWjJ9cUq23SG0F0xavOwZbhiP4J3y20xd6jxKx+xNUhkMAi76Q==}
    dev: true

  /@types/ws@8.5.9:
    resolution: {integrity: sha512-jbdrY0a8lxfdTp/+r7Z4CkycbOFN8WX+IOchLJr3juT/xzbJ8URyTVSJ/hvNdadTgM1mnedb47n+Y31GsFnQlg==}
    dependencies:
      '@types/node': 16.18.61
    dev: true

  /typescript@5.2.2:
    resolution: {integrity: sha512-mI4WrpHsbCIcwT9cF4FZvr80QUeKvsUsUvKDoR+X/7XHQH98xYD8YHZg7ANtz2GtZt/CBq2QJ0thkGJMHfqc1w==}
    engines: {node: '>=14.17'}
    hasBin: true
    dev: true

  /ws@8.14.2:
    resolution: {integrity: sha512-wEBG1ftX4jcglPxgFCMJmZ2PLtSbJ2Peg6TmpJFTbe9GZYOQCDPdMYu/Tm0/bGZkw8paZnJY45J4K2PZrLYq8g==}
    engines: {node: '>=10.0.0'}
    peerDependencies:
      bufferutil: ^4.0.1
      utf-8-validate: '>=5.0.2'
    peerDependenciesMeta:
      bufferutil:
        optional: true
      utf-8-validate:
        optional: true
    dev: false

  git@github.com+Sonic853/CS2-Gamestate-Integration-Data/97ff4b8ce05572d4b822d77f86e9281a8db6c9ba:
    resolution: {commit: 97ff4b8ce05572d4b822d77f86e9281a8db6c9ba, repo: git@github.com:Sonic853/CS2-Gamestate-Integration-Data.git, type: git}
    name: cs2-gamestate-integration-data
    version: 1.0.0
    dev: false

  github.com/853Lab/CS2-Gamestate-Integration-Listener/96e7e49fab4e1494c128b7284ec638c95a0e371f:
    resolution: {tarball: https://codeload.github.com/853Lab/CS2-Gamestate-Integration-Listener/tar.gz/96e7e49fab4e1494c128b7284ec638c95a0e371f}
    name: cs2-gamestate-integration-listener
    version: 1.0.0
    dependencies:
      cs2-gamestate-integration-data: git@github.com+Sonic853/CS2-Gamestate-Integration-Data/97ff4b8ce05572d4b822d77f86e9281a8db6c9ba
    dev: false

  github.com/Sonic853/CS2-Gamestate-Integration-Data/97ff4b8ce05572d4b822d77f86e9281a8db6c9ba:
    resolution: {tarball: https://codeload.github.com/Sonic853/CS2-Gamestate-Integration-Data/tar.gz/97ff4b8ce05572d4b822d77f86e9281a8db6c9ba}
    name: cs2-gamestate-integration-data
    version: 1.0.0
    dev: false
